
Microsoft Visual Studio Solution File, Format Version 12.00
# Visual Studio Version 17
VisualStudioVersion = 17.10.34928.147
MinimumVisualStudioVersion = 10.0.40219.1
Project("{FAE04EC0-301F-11D3-BF4B-00C04F79EFBC}") = "Warehouse_Management_System", "Warehouse_Management_System\Warehouse_Management_System.csproj", "{58EBCC0F-7167-4FD5-98E7-F3CF16EAF6F5}"
EndProject
Global
	GlobalSection(SolutionConfigurationPlatforms) = preSolution
		Debug|Any CPU = Debug|Any CPU
		Release|Any CPU = Release|Any CPU
	EndGlobalSection
	GlobalSection(ProjectConfigurationPlatforms) = postSolution
		{58EBCC0F-7167-4FD5-98E7-F3CF16EAF6F5}.Debug|Any CPU.ActiveCfg = Debug|Any CPU
		{58EBCC0F-7167-4FD5-98E7-F3CF16EAF6F5}.Debug|Any CPU.Build.0 = Debug|Any CPU
		{58EBCC0F-7167-4FD5-98E7-F3CF16EAF6F5}.Release|Any CPU.ActiveCfg = Release|Any CPU
		{58EBCC0F-7167-4FD5-98E7-F3CF16EAF6F5}.Release|Any CPU.Build.0 = Release|Any CPU
	EndGlobalSection
	GlobalSection(SolutionProperties) = preSolution
		HideSolutionNode = FALSE
	EndGlobalSection
	GlobalSection(ExtensibilityGlobals) = postSolution
		SolutionGuid = {96E92FB8-BB0C-4D7B-9C0B-14B1360529EA}
	EndGlobalSection
EndGlobal
